{
  "name": "vvest",
  "version": "1.0.0",
  "lockfileVersion": 1,
  "requires": true,
  "dependencies": {
    "vest": {
      "version": "2.2.3",
      "resolved": "https://registry.npmjs.org/vest/-/vest-2.2.3.tgz",
      "integrity": "sha512-t1JMJFTmxHXbh+Y6gFc9iEKOfFehgura1Q7ASQearngKw/aCjgRfVHwP2bltzHCMhzsB+qMT5djh4EUMQy+JeQ=="
    }
  }
}
